
Microsoft Visual Studio Solution File, Format Version 12.00
Project("{FAE04EC0-301F-11D3-BF4B-00C04F79EFBC}") = "DosAssignment", "DosAssignment\DosAssignment.csproj", "{F7125AF7-1453-4C45-B77A-152A7193D46E}"
EndProject
Project("{FAE04EC0-301F-11D3-BF4B-00C04F79EFBC}") = "DosAssignmentTests", "DosAssignmentTests\DosAssignmentTests.csproj", "{6791BADD-B7BF-4BF3-9995-5868373CAAD7}"
EndProject
Global
	GlobalSection(SolutionConfigurationPlatforms) = preSolution
		Debug|Any CPU = Debug|Any CPU
		Release|Any CPU = Release|Any CPU
	EndGlobalSection
	GlobalSection(ProjectConfigurationPlatforms) = postSolution
		{F7125AF7-1453-4C45-B77A-152A7193D46E}.Debug|Any CPU.ActiveCfg = Debug|Any CPU
		{F7125AF7-1453-4C45-B77A-152A7193D46E}.Debug|Any CPU.Build.0 = Debug|Any CPU
		{F7125AF7-1453-4C45-B77A-152A7193D46E}.Release|Any CPU.ActiveCfg = Release|Any CPU
		{F7125AF7-1453-4C45-B77A-152A7193D46E}.Release|Any CPU.Build.0 = Release|Any CPU
		{6791BADD-B7BF-4BF3-9995-5868373CAAD7}.Debug|Any CPU.ActiveCfg = Debug|Any CPU
		{6791BADD-B7BF-4BF3-9995-5868373CAAD7}.Debug|Any CPU.Build.0 = Debug|Any CPU
		{6791BADD-B7BF-4BF3-9995-5868373CAAD7}.Release|Any CPU.ActiveCfg = Release|Any CPU
		{6791BADD-B7BF-4BF3-9995-5868373CAAD7}.Release|Any CPU.Build.0 = Release|Any CPU
	EndGlobalSection
EndGlobal
